version = 1
requires-python = ">=3.12"

[[package]]
name = "emoji"
version = "2.14.0"
source = { registry = "https://pypi.org/simple" }
sdist = { url = "https://files.pythonhosted.org/packages/13/64/812d7e2ae0ac2ade0d6583f911f99240c80f700afbe8391df10e547f564d/emoji-2.14.0.tar.gz", hash = "sha256:f68ac28915a2221667cddb3e6c589303c3c6954c6c5af6fefaec7f9bdf72fdca", size = 593932 }
wheels = [
    { url = "https://files.pythonhosted.org/packages/ef/56/4ddf8b36aa4b52077045b17ffb8958f3360b250df4143d1482d9d5bb54d5/emoji-2.14.0-py3-none-any.whl", hash = "sha256:fcc936bf374b1aec67dda5303ae99710ba88cc9cdce2d1a71c5f2204e6d78799", size = 586897 },
]

[[package]]
name = "normalize-filenames"
version = "0.3.0"
source = { editable = "." }
dependencies = [
    { name = "emoji" },
    { name = "unidecode" },
]

[package.metadata]
requires-dist = [
    { name = "emoji" },
    { name = "unidecode" },
]

[[package]]
name = "unidecode"
version = "1.3.8"
source = { registry = "https://pypi.org/simple" }
sdist = { url = "https://files.pythonhosted.org/packages/f7/89/19151076a006b9ac0dd37b1354e031f5297891ee507eb624755e58e10d3e/Unidecode-1.3.8.tar.gz", hash = "sha256:cfdb349d46ed3873ece4586b96aa75258726e2fa8ec21d6f00a591d98806c2f4", size = 192701 }
wheels = [
    { url = "https://files.pythonhosted.org/packages/84/b7/6ec57841fb67c98f52fc8e4a2d96df60059637cba077edc569a302a8ffc7/Unidecode-1.3.8-py3-none-any.whl", hash = "sha256:d130a61ce6696f8148a3bd8fe779c99adeb4b870584eeb9526584e9aa091fd39", size = 235494 },
]
