{
  "name": "mathlikeanim_rs",
  "lockfileVersion": 3,
  "requires": true,
  "packages": {
    "": {
      "dependencies": {
        "mathlikeanim-rs": "^0.13.26"
      }
    },
    "node_modules/mathlikeanim-rs": {
      "version": "0.13.26",
      "resolved": "https://registry.npmjs.org/mathlikeanim-rs/-/mathlikeanim-rs-0.13.26.tgz",
      "integrity": "sha512-JxCjAMkvuRiKPH1H68a7vAD8QiM6o8hA+FprPJaw6GKUXJh6/+xxdF5BsfTyLhVOWfytJ+BXILIJYPTRVaME9A==",
      "license": "MIT"
    }
  }
}
