version = 1
requires-python = ">=3.12"

[[package]]
name = "msgspec"
version = "0.19.0"
source = { registry = "https://pypi.org/simple" }
sdist = { url = "https://files.pythonhosted.org/packages/cf/9b/95d8ce458462b8b71b8a70fa94563b2498b89933689f3a7b8911edfae3d7/msgspec-0.19.0.tar.gz", hash = "sha256:604037e7cd475345848116e89c553aa9a233259733ab51986ac924ab1b976f8e", size = 216934 }
wheels = [
    { url = "https://files.pythonhosted.org/packages/b2/5f/a70c24f075e3e7af2fae5414c7048b0e11389685b7f717bb55ba282a34a7/msgspec-0.19.0-cp312-cp312-macosx_10_13_x86_64.whl", hash = "sha256:f98bd8962ad549c27d63845b50af3f53ec468b6318400c9f1adfe8b092d7b62f", size = 190485 },
    { url = "https://files.pythonhosted.org/packages/89/b0/1b9763938cfae12acf14b682fcf05c92855974d921a5a985ecc197d1c672/msgspec-0.19.0-cp312-cp312-macosx_11_0_arm64.whl", hash = "sha256:43bbb237feab761b815ed9df43b266114203f53596f9b6e6f00ebd79d178cdf2", size = 183910 },
    { url = "https://files.pythonhosted.org/packages/87/81/0c8c93f0b92c97e326b279795f9c5b956c5a97af28ca0fbb9fd86c83737a/msgspec-0.19.0-cp312-cp312-manylinux_2_17_aarch64.manylinux2014_aarch64.whl", hash = "sha256:4cfc033c02c3e0aec52b71710d7f84cb3ca5eb407ab2ad23d75631153fdb1f12", size = 210633 },
    { url = "https://files.pythonhosted.org/packages/d0/ef/c5422ce8af73928d194a6606f8ae36e93a52fd5e8df5abd366903a5ca8da/msgspec-0.19.0-cp312-cp312-manylinux_2_17_x86_64.manylinux2014_x86_64.whl", hash = "sha256:d911c442571605e17658ca2b416fd8579c5050ac9adc5e00c2cb3126c97f73bc", size = 213594 },
    { url = "https://files.pythonhosted.org/packages/19/2b/4137bc2ed45660444842d042be2cf5b18aa06efd2cda107cff18253b9653/msgspec-0.19.0-cp312-cp312-musllinux_1_2_aarch64.whl", hash = "sha256:757b501fa57e24896cf40a831442b19a864f56d253679f34f260dcb002524a6c", size = 214053 },
    { url = "https://files.pythonhosted.org/packages/9d/e6/8ad51bdc806aac1dc501e8fe43f759f9ed7284043d722b53323ea421c360/msgspec-0.19.0-cp312-cp312-musllinux_1_2_x86_64.whl", hash = "sha256:5f0f65f29b45e2816d8bded36e6b837a4bf5fb60ec4bc3c625fa2c6da4124537", size = 219081 },
    { url = "https://files.pythonhosted.org/packages/b1/ef/27dd35a7049c9a4f4211c6cd6a8c9db0a50647546f003a5867827ec45391/msgspec-0.19.0-cp312-cp312-win_amd64.whl", hash = "sha256:067f0de1c33cfa0b6a8206562efdf6be5985b988b53dd244a8e06f993f27c8c0", size = 187467 },
    { url = "https://files.pythonhosted.org/packages/3c/cb/2842c312bbe618d8fefc8b9cedce37f773cdc8fa453306546dba2c21fd98/msgspec-0.19.0-cp313-cp313-macosx_10_13_x86_64.whl", hash = "sha256:f12d30dd6266557aaaf0aa0f9580a9a8fbeadfa83699c487713e355ec5f0bd86", size = 190498 },
    { url = "https://files.pythonhosted.org/packages/58/95/c40b01b93465e1a5f3b6c7d91b10fb574818163740cc3acbe722d1e0e7e4/msgspec-0.19.0-cp313-cp313-macosx_11_0_arm64.whl", hash = "sha256:82b2c42c1b9ebc89e822e7e13bbe9d17ede0c23c187469fdd9505afd5a481314", size = 183950 },
    { url = "https://files.pythonhosted.org/packages/e8/f0/5b764e066ce9aba4b70d1db8b087ea66098c7c27d59b9dd8a3532774d48f/msgspec-0.19.0-cp313-cp313-manylinux_2_17_aarch64.manylinux2014_aarch64.whl", hash = "sha256:19746b50be214a54239aab822964f2ac81e38b0055cca94808359d779338c10e", size = 210647 },
    { url = "https://files.pythonhosted.org/packages/9d/87/bc14f49bc95c4cb0dd0a8c56028a67c014ee7e6818ccdce74a4862af259b/msgspec-0.19.0-cp313-cp313-manylinux_2_17_x86_64.manylinux2014_x86_64.whl", hash = "sha256:60ef4bdb0ec8e4ad62e5a1f95230c08efb1f64f32e6e8dd2ced685bcc73858b5", size = 213563 },
    { url = "https://files.pythonhosted.org/packages/53/2f/2b1c2b056894fbaa975f68f81e3014bb447516a8b010f1bed3fb0e016ed7/msgspec-0.19.0-cp313-cp313-musllinux_1_2_aarch64.whl", hash = "sha256:ac7f7c377c122b649f7545810c6cd1b47586e3aa3059126ce3516ac7ccc6a6a9", size = 213996 },
    { url = "https://files.pythonhosted.org/packages/aa/5a/4cd408d90d1417e8d2ce6a22b98a6853c1b4d7cb7669153e4424d60087f6/msgspec-0.19.0-cp313-cp313-musllinux_1_2_x86_64.whl", hash = "sha256:a5bc1472223a643f5ffb5bf46ccdede7f9795078194f14edd69e3aab7020d327", size = 219087 },
    { url = "https://files.pythonhosted.org/packages/23/d8/f15b40611c2d5753d1abb0ca0da0c75348daf1252220e5dda2867bd81062/msgspec-0.19.0-cp313-cp313-win_amd64.whl", hash = "sha256:317050bc0f7739cb30d257ff09152ca309bf5a369854bbf1e57dffc310c1f20f", size = 187432 },
]

[[package]]
name = "pyoci"
version = "0.2.0"
source = { editable = "." }
dependencies = [
    { name = "msgspec" },
]

[package.metadata]
requires-dist = [{ name = "msgspec", specifier = ">=0.19.0,<1" }]
